{
    "name": "操作组件：左滑删除，自定义任意内容",
    "version": "1.0.1",
    "lockfileVersion": 1,
    "requires": true,
    "dependencies": {
        "sr-sdk-wxapp": {
            "version": "1.7.4",
            "resolved": "https://registry.npmjs.org/sr-sdk-wxapp/-/sr-sdk-wxapp-1.7.4.tgz",
            "integrity": "sha512-6WEqzrQGM/BrqaEWA6xA6UxogBcU+8Zsacwe0V3uo7WFgMzNUoptQPYrL1VbcmJ98yHrYwv7M4SzLO+MLGI9Rw=="
        }
    }
}
