{
    "name": "操作组件：左滑删除，自定义任意内容",
    "version": "1.0.1",
    "lockfileVersion": 1,
    "requires": true,
    "dependencies": {
        "sr-sdk-wxapp": {
            "version": "1.8.3-beta.2",
            "resolved": "https://registry.npmjs.org/sr-sdk-wxapp/-/sr-sdk-wxapp-1.8.3-beta.2.tgz",
            "integrity": "sha512-xgwI30I2AixLNW2I6ok71QhjGfI8hh8sq3kPqH6ufacHJdOVb2X+acIfVIjN4PAaH+jIVK4AUeDRqW22/cc5kw=="
        },
        "umtrack-wx": {
            "version": "2.7.1",
            "resolved": "https://registry.npmjs.org/umtrack-wx/-/umtrack-wx-2.7.1.tgz",
            "integrity": "sha512-ZQ7N/NOWhuk521C4kPfbQTiWFryjlJiBb17OuLQz3ZgXGnYv81Zif7dzgTX0ia6u1+YCOnDQj/1jMnihW2YJxA=="
        }
    }
}
