{
    "name": "操作组件：左滑删除，自定义任意内容",
    "version": "1.0.1",
    "lockfileVersion": 1,
    "requires": true,
    "dependencies": {
        "sr-sdk-wxapp": {
            "version": "1.4.2",
            "resolved": "https://registry.npmjs.org/sr-sdk-wxapp/-/sr-sdk-wxapp-1.4.2.tgz",
            "integrity": "sha512-AGnoMx8rVcQbbM4EOAO9k3cYZoZWo0iYcBjvr1FIiJJ8r1tC0XUxCfb3avxZEnEfDko+9UNGZ3ayiUBzXBU/7A=="
        }
    }
}
